
Microsoft Visual Studio Solution File, Format Version 12.00
# Visual Studio Version 17
VisualStudioVersion = 17.14.36301.6 d17.14
MinimumVisualStudioVersion = 10.0.40219.1
Project("{FAE04EC0-301F-11D3-BF4B-00C04F79EFBC}") = "MonoGame Lesson 2 – Scaling Using Rectangles and Text", "MonoGame Lesson 2 – Scaling Using Rectangles and Text.csproj", "{42E0728B-F7B6-4283-A3F5-AAC66D9ACC49}"
EndProject
Global
	GlobalSection(SolutionConfigurationPlatforms) = preSolution
		Debug|Any CPU = Debug|Any CPU
		Release|Any CPU = Release|Any CPU
	EndGlobalSection
	GlobalSection(ProjectConfigurationPlatforms) = postSolution
		{42E0728B-F7B6-4283-A3F5-AAC66D9ACC49}.Debug|Any CPU.ActiveCfg = Debug|Any CPU
		{42E0728B-F7B6-4283-A3F5-AAC66D9ACC49}.Debug|Any CPU.Build.0 = Debug|Any CPU
		{42E0728B-F7B6-4283-A3F5-AAC66D9ACC49}.Release|Any CPU.ActiveCfg = Release|Any CPU
		{42E0728B-F7B6-4283-A3F5-AAC66D9ACC49}.Release|Any CPU.Build.0 = Release|Any CPU
	EndGlobalSection
	GlobalSection(SolutionProperties) = preSolution
		HideSolutionNode = FALSE
	EndGlobalSection
	GlobalSection(ExtensibilityGlobals) = postSolution
		SolutionGuid = {56EA3FA4-155B-4475-9AB7-01D687D4CD1F}
	EndGlobalSection
EndGlobal
